{
	"name": "@ofc/core",
	"version": "0.0.1-alpha.6",
	"lockfileVersion": 1,
	"requires": true,
	"dependencies": {
		"@nodelib/fs.scandir": {
			"version": "2.1.2",
			"resolved": "https://registry.npmjs.org/@nodelib/fs.scandir/-/fs.scandir-2.1.2.tgz",
			"integrity": "sha512-wrIBsjA5pl13f0RN4Zx4FNWmU71lv03meGKnqRUoCyan17s4V3WL92f3w3AIuWbNnpcrQyFBU5qMavJoB8d27w==",
			"requires": {
				"@nodelib/fs.stat": "2.0.2",
				"run-parallel": "^1.1.9"
			}
		},
		"@nodelib/fs.stat": {
			"version": "2.0.2",
			"resolved": "https://registry.npmjs.org/@nodelib/fs.stat/-/fs.stat-2.0.2.tgz",
			"integrity": "sha512-z8+wGWV2dgUhLqrtRYa03yDx4HWMvXKi1z8g3m2JyxAx8F7xk74asqPk5LAETjqDSGLFML/6CDl0+yFunSYicw=="
		},
		"@nodelib/fs.walk": {
			"version": "1.2.3",
			"resolved": "https://registry.npmjs.org/@nodelib/fs.walk/-/fs.walk-1.2.3.tgz",
			"integrity": "sha512-l6t8xEhfK9Sa4YO5mIRdau7XSOADfmh3jCr0evNHdY+HNkW6xuQhgMH7D73VV6WpZOagrW0UludvMTiifiwTfA==",
			"requires": {
				"@nodelib/fs.scandir": "2.1.2",
				"fastq": "^1.6.0"
			}
		},
		"@paybase/csp": {
			"version": "1.0.7",
			"resolved": "https://registry.npmjs.org/@paybase/csp/-/csp-1.0.7.tgz",
			"integrity": "sha512-q5CSycAGWU/sLXtGv6R5YgQ79SHhrY7v5bHaIx/r/97q5GFF8pWRdRTxhWaaDmYbH3CZG4YyP8xymsV1LtCSWQ=="
		},
		"@paybase/pool": {
			"version": "1.1.6",
			"resolved": "https://registry.npmjs.org/@paybase/pool/-/pool-1.1.6.tgz",
			"integrity": "sha512-oqMWvMXJFbBXo3ZKl0z88XBxFt6fn6AkpiPajTAdeytgfVg1o0+anZ+6sZV+5hSvCDxSN/ar9rlh1Oq/jfuq5A==",
			"requires": {
				"@paybase/csp": "^1.0.4"
			}
		},
		"@types/estree": {
			"version": "0.0.39",
			"resolved": "https://registry.npmjs.org/@types/estree/-/estree-0.0.39.tgz",
			"integrity": "sha512-EYNwp3bU+98cpU4lAWYYL7Zz+2gryWH1qbdDTidVd6hkiR6weksdbMadyXKXNPEkQFhXM+hVO9ZygomHXp+AIw=="
		},
		"@types/node": {
			"version": "12.7.4",
			"resolved": "https://registry.npmjs.org/@types/node/-/node-12.7.4.tgz",
			"integrity": "sha512-W0+n1Y+gK/8G2P/piTkBBN38Qc5Q1ZSO6B5H3QmPCUewaiXOo2GCAWZ4ElZCcNhjJuBSUSLGFUJnmlCn5+nxOQ=="
		},
		"@types/resolve": {
			"version": "0.0.8",
			"resolved": "https://registry.npmjs.org/@types/resolve/-/resolve-0.0.8.tgz",
			"integrity": "sha512-auApPaJf3NPfe18hSoJkp8EbZzer2ISk7o8mCC3M9he/a04+gbMF97NkpD2S8riMGvm4BMRI59/SZQSaLTKpsQ==",
			"requires": {
				"@types/node": "*"
			}
		},
		"acorn": {
			"version": "7.1.0",
			"resolved": "https://registry.npmjs.org/acorn/-/acorn-7.1.0.tgz",
			"integrity": "sha512-kL5CuoXA/dgxlBbVrflsflzQ3PAas7RYZB52NOm/6839iVYJgKMJ3cQJD+t2i5+qFa8h3MDpEOJiS64E8JLnSQ=="
		},
		"braces": {
			"version": "3.0.2",
			"resolved": "https://registry.npmjs.org/braces/-/braces-3.0.2.tgz",
			"integrity": "sha512-b8um+L1RzM3WDSzvhm6gIz1yfTbBt6YTlcEKAvsmqCZZFw46z626lVj9j1yEPW33H5H+lBQpZMP1k8l+78Ha0A==",
			"requires": {
				"fill-range": "^7.0.1"
			}
		},
		"builtin-modules": {
			"version": "3.1.0",
			"resolved": "https://registry.npmjs.org/builtin-modules/-/builtin-modules-3.1.0.tgz",
			"integrity": "sha512-k0KL0aWZuBt2lrxrcASWDfwOLMnodeQjodT/1SxEQAXsHANgo6ZC/VEaSEHCXt7aSTZ4/4H5LKa+tBXmW7Vtvw=="
		},
		"estree-walker": {
			"version": "0.6.1",
			"resolved": "https://registry.npmjs.org/estree-walker/-/estree-walker-0.6.1.tgz",
			"integrity": "sha512-SqmZANLWS0mnatqbSfRP5g8OXZC12Fgg1IwNtLsyHDzJizORW4khDfjPqJZsemPWBB2uqykUah5YpQ6epsqC/w=="
		},
		"fast-glob": {
			"version": "3.0.4",
			"resolved": "https://registry.npmjs.org/fast-glob/-/fast-glob-3.0.4.tgz",
			"integrity": "sha512-wkIbV6qg37xTJwqSsdnIphL1e+LaGz4AIQqr00mIubMaEhv1/HEmJ0uuCGZRNRUkZZmOB5mJKO0ZUTVq+SxMQg==",
			"requires": {
				"@nodelib/fs.stat": "^2.0.1",
				"@nodelib/fs.walk": "^1.2.1",
				"glob-parent": "^5.0.0",
				"is-glob": "^4.0.1",
				"merge2": "^1.2.3",
				"micromatch": "^4.0.2"
			}
		},
		"fastq": {
			"version": "1.6.0",
			"resolved": "https://registry.npmjs.org/fastq/-/fastq-1.6.0.tgz",
			"integrity": "sha512-jmxqQ3Z/nXoeyDmWAzF9kH1aGZSis6e/SbfPmJpUnyZ0ogr6iscHQaml4wsEepEWSdtmpy+eVXmCRIMpxaXqOA==",
			"requires": {
				"reusify": "^1.0.0"
			}
		},
		"fill-range": {
			"version": "7.0.1",
			"resolved": "https://registry.npmjs.org/fill-range/-/fill-range-7.0.1.tgz",
			"integrity": "sha512-qOo9F+dMUmC2Lcb4BbVvnKJxTPjCm+RRpe4gDuGrzkL7mEVl/djYSu2OdQ2Pa302N4oqkSg9ir6jaLWJ2USVpQ==",
			"requires": {
				"to-regex-range": "^5.0.1"
			}
		},
		"glob-parent": {
			"version": "5.0.0",
			"resolved": "https://registry.npmjs.org/glob-parent/-/glob-parent-5.0.0.tgz",
			"integrity": "sha512-Z2RwiujPRGluePM6j699ktJYxmPpJKCfpGA13jz2hmFZC7gKetzrWvg5KN3+OsIFmydGyZ1AVwERCq1w/ZZwRg==",
			"requires": {
				"is-glob": "^4.0.1"
			}
		},
		"is-extglob": {
			"version": "2.1.1",
			"resolved": "https://registry.npmjs.org/is-extglob/-/is-extglob-2.1.1.tgz",
			"integrity": "sha1-qIwCU1eR8C7TfHahueqXc8gz+MI="
		},
		"is-glob": {
			"version": "4.0.1",
			"resolved": "https://registry.npmjs.org/is-glob/-/is-glob-4.0.1.tgz",
			"integrity": "sha512-5G0tKtBTFImOqDnLB2hG6Bp2qcKEFduo4tZu9MT/H6NQv/ghhy30o55ufafxJ/LdH79LLs2Kfrn85TLKyA7BUg==",
			"requires": {
				"is-extglob": "^2.1.1"
			}
		},
		"is-module": {
			"version": "1.0.0",
			"resolved": "https://registry.npmjs.org/is-module/-/is-module-1.0.0.tgz",
			"integrity": "sha1-Mlj7afeMFNW4FdZkM2tM/7ZEFZE="
		},
		"is-number": {
			"version": "7.0.0",
			"resolved": "https://registry.npmjs.org/is-number/-/is-number-7.0.0.tgz",
			"integrity": "sha512-41Cifkg6e8TylSpdtTpeLVMqvSBEVzTttHvERD741+pnZ8ANv0004MRL43QKPDlK9cGvNp6NZWZUBlbGXYxxng=="
		},
		"is-reference": {
			"version": "1.1.3",
			"resolved": "https://registry.npmjs.org/is-reference/-/is-reference-1.1.3.tgz",
			"integrity": "sha512-W1iHHv/oyBb2pPxkBxtaewxa1BC58Pn5J0hogyCdefwUIvb6R+TGbAcIa4qPNYLqLhb3EnOgUf2MQkkF76BcKw==",
			"requires": {
				"@types/estree": "0.0.39"
			}
		},
		"magic-string": {
			"version": "0.25.3",
			"resolved": "https://registry.npmjs.org/magic-string/-/magic-string-0.25.3.tgz",
			"integrity": "sha512-6QK0OpF/phMz0Q2AxILkX2mFhi7m+WMwTRg0LQKq/WBB0cDP4rYH3Wp4/d3OTXlrPLVJT/RFqj8tFeAR4nk8AA==",
			"requires": {
				"sourcemap-codec": "^1.4.4"
			}
		},
		"merge2": {
			"version": "1.2.4",
			"resolved": "https://registry.npmjs.org/merge2/-/merge2-1.2.4.tgz",
			"integrity": "sha512-FYE8xI+6pjFOhokZu0We3S5NKCirLbCzSh2Usf3qEyr4X8U+0jNg9P8RZ4qz+V2UoECLVwSyzU3LxXBaLGtD3A=="
		},
		"micromatch": {
			"version": "4.0.2",
			"resolved": "https://registry.npmjs.org/micromatch/-/micromatch-4.0.2.tgz",
			"integrity": "sha512-y7FpHSbMUMoyPbYUSzO6PaZ6FyRnQOpHuKwbo1G+Knck95XVU4QAiKdGEnj5wwoS7PlOgthX/09u5iFJ+aYf5Q==",
			"requires": {
				"braces": "^3.0.1",
				"picomatch": "^2.0.5"
			}
		},
		"path-parse": {
			"version": "1.0.6",
			"resolved": "https://registry.npmjs.org/path-parse/-/path-parse-1.0.6.tgz",
			"integrity": "sha512-GSmOT2EbHrINBf9SR7CDELwlJ8AENk3Qn7OikK4nFYAu3Ote2+JYNVvkpAEQm3/TLNEJFD/xZJjzyxg3KBWOzw=="
		},
		"picomatch": {
			"version": "2.0.7",
			"resolved": "https://registry.npmjs.org/picomatch/-/picomatch-2.0.7.tgz",
			"integrity": "sha512-oLHIdio3tZ0qH76NybpeneBhYVj0QFTfXEFTc/B3zKQspYfYYkWYgFsmzo+4kvId/bQRcNkVeguI3y+CD22BtA=="
		},
		"resolve": {
			"version": "1.12.0",
			"resolved": "https://registry.npmjs.org/resolve/-/resolve-1.12.0.tgz",
			"integrity": "sha512-B/dOmuoAik5bKcD6s6nXDCjzUKnaDvdkRyAk6rsmsKLipWj4797iothd7jmmUhWTfinVMU+wc56rYKsit2Qy4w==",
			"requires": {
				"path-parse": "^1.0.6"
			}
		},
		"reusify": {
			"version": "1.0.4",
			"resolved": "https://registry.npmjs.org/reusify/-/reusify-1.0.4.tgz",
			"integrity": "sha512-U9nH88a3fc/ekCF1l0/UP1IosiuIjyTh7hBvXVMHYgVcfGvt897Xguj2UOLDeI5BG2m7/uwyaLVT6fbtCwTyzw=="
		},
		"rollup": {
			"version": "1.27.8",
			"resolved": "https://registry.npmjs.org/rollup/-/rollup-1.27.8.tgz",
			"integrity": "sha512-EVoEV5rAWl+5clnGznt1KY8PeVkzVQh/R0d2s3gHEkN7gfoyC4JmvIVuCtPbYE8NM5Ep/g+nAmvKXBjzaqTsHA==",
			"requires": {
				"@types/estree": "*",
				"@types/node": "*",
				"acorn": "^7.1.0"
			}
		},
		"rollup-plugin-commonjs": {
			"version": "10.1.0",
			"resolved": "https://registry.npmjs.org/rollup-plugin-commonjs/-/rollup-plugin-commonjs-10.1.0.tgz",
			"integrity": "sha512-jlXbjZSQg8EIeAAvepNwhJj++qJWNJw1Cl0YnOqKtP5Djx+fFGkp3WRh+W0ASCaFG5w1jhmzDxgu3SJuVxPF4Q==",
			"requires": {
				"estree-walker": "^0.6.1",
				"is-reference": "^1.1.2",
				"magic-string": "^0.25.2",
				"resolve": "^1.11.0",
				"rollup-pluginutils": "^2.8.1"
			}
		},
		"rollup-plugin-json": {
			"version": "4.0.0",
			"resolved": "https://registry.npmjs.org/rollup-plugin-json/-/rollup-plugin-json-4.0.0.tgz",
			"integrity": "sha512-hgb8N7Cgfw5SZAkb3jf0QXii6QX/FOkiIq2M7BAQIEydjHvTyxXHQiIzZaTFgx1GK0cRCHOCBHIyEkkLdWKxow==",
			"requires": {
				"rollup-pluginutils": "^2.5.0"
			}
		},
		"rollup-plugin-node-resolve": {
			"version": "5.2.0",
			"resolved": "https://registry.npmjs.org/rollup-plugin-node-resolve/-/rollup-plugin-node-resolve-5.2.0.tgz",
			"integrity": "sha512-jUlyaDXts7TW2CqQ4GaO5VJ4PwwaV8VUGA7+km3n6k6xtOEacf61u0VXwN80phY/evMcaS+9eIeJ9MOyDxt5Zw==",
			"requires": {
				"@types/resolve": "0.0.8",
				"builtin-modules": "^3.1.0",
				"is-module": "^1.0.0",
				"resolve": "^1.11.1",
				"rollup-pluginutils": "^2.8.1"
			}
		},
		"rollup-plugin-replace": {
			"version": "2.2.0",
			"resolved": "https://registry.npmjs.org/rollup-plugin-replace/-/rollup-plugin-replace-2.2.0.tgz",
			"integrity": "sha512-/5bxtUPkDHyBJAKketb4NfaeZjL5yLZdeUihSfbF2PQMz+rSTEb8ARKoOl3UBT4m7/X+QOXJo3sLTcq+yMMYTA==",
			"requires": {
				"magic-string": "^0.25.2",
				"rollup-pluginutils": "^2.6.0"
			}
		},
		"rollup-pluginutils": {
			"version": "2.8.1",
			"resolved": "https://registry.npmjs.org/rollup-pluginutils/-/rollup-pluginutils-2.8.1.tgz",
			"integrity": "sha512-J5oAoysWar6GuZo0s+3bZ6sVZAC0pfqKz68De7ZgDi5z63jOVZn1uJL/+z1jeKHNbGII8kAyHF5q8LnxSX5lQg==",
			"requires": {
				"estree-walker": "^0.6.1"
			}
		},
		"run-parallel": {
			"version": "1.1.9",
			"resolved": "https://registry.npmjs.org/run-parallel/-/run-parallel-1.1.9.tgz",
			"integrity": "sha512-DEqnSRTDw/Tc3FXf49zedI638Z9onwUotBMiUFKmrO2sdFKIbXamXGQ3Axd4qgphxKB4kw/qP1w5kTxnfU1B9Q=="
		},
		"sourcemap-codec": {
			"version": "1.4.6",
			"resolved": "https://registry.npmjs.org/sourcemap-codec/-/sourcemap-codec-1.4.6.tgz",
			"integrity": "sha512-1ZooVLYFxC448piVLBbtOxFcXwnymH9oUF8nRd3CuYDVvkRBxRl6pB4Mtas5a4drtL+E8LDgFkQNcgIw6tc8Hg=="
		},
		"to-regex-range": {
			"version": "5.0.1",
			"resolved": "https://registry.npmjs.org/to-regex-range/-/to-regex-range-5.0.1.tgz",
			"integrity": "sha512-65P7iz6X5yEr1cwcgvQxbbIw7Uk3gOy5dIdtZ4rDveLqhrdJP+Li/Hx6tyK0NEb+2GCyneCMJiGqrADCSNk8sQ==",
			"requires": {
				"is-number": "^7.0.0"
			}
		}
	}
}
